
Microsoft Visual Studio Solution File, Format Version 12.00
# Visual Studio Version 17
VisualStudioVersion = 17.1.32414.318
MinimumVisualStudioVersion = 10.0.40219.1
Project("{FAE04EC0-301F-11D3-BF4B-00C04F79EFBC}") = "SignalRChat", "SignalRChat.csproj", "{78C25437-B8B6-414E-9C80-4C2C9A5338EC}"
EndProject
Global
	GlobalSection(SolutionConfigurationPlatforms) = preSolution
		Debug|Any CPU = Debug|Any CPU
		Release|Any CPU = Release|Any CPU
	EndGlobalSection
	GlobalSection(ProjectConfigurationPlatforms) = postSolution
		{78C25437-B8B6-414E-9C80-4C2C9A5338EC}.Debug|Any CPU.ActiveCfg = Debug|Any CPU
		{78C25437-B8B6-414E-9C80-4C2C9A5338EC}.Debug|Any CPU.Build.0 = Debug|Any CPU
		{78C25437-B8B6-414E-9C80-4C2C9A5338EC}.Release|Any CPU.ActiveCfg = Release|Any CPU
		{78C25437-B8B6-414E-9C80-4C2C9A5338EC}.Release|Any CPU.Build.0 = Release|Any CPU
	EndGlobalSection
	GlobalSection(SolutionProperties) = preSolution
		HideSolutionNode = FALSE
	EndGlobalSection
	GlobalSection(ExtensibilityGlobals) = postSolution
		SolutionGuid = {1E00F612-DD43-4A48-8DC6-8B28EC522C08}
	EndGlobalSection
EndGlobal
